// !$*UTF8*$!
{
	archiveVersion = 1;
	classes = {
	};
	objectVersion = 55;
	objects = {

/* Begin PBXBuildFile section */
		103022412A07ECBF004C4A81 /* main.cpp in Sources */ = {isa = PBXBuildFile; fileRef = 103022402A07ECBF004C4A81 /* main.cpp */; };
		1030224E2A07F21C004C4A81 /* min_max_worker.cpp in Sources */ = {isa = PBXBuildFile; fileRef = 1030224D2A07F21C004C4A81 /* min_max_worker.cpp */; };
		103022502A07F4E6004C4A81 /* average_worker.cpp in Sources */ = {isa = PBXBuildFile; fileRef = 1030224F2A07F4E6004C4A81 /* average_worker.cpp */; };
/* End PBXBuildFile section */

/* Begin PBXCopyFilesBuildPhase section */
		1030223B2A07ECBF004C4A81 /* CopyFiles */ = {
			isa = PBXCopyFilesBuildPhase;
			buildActionMask = 2147483647;
			dstPath = /usr/share/man/man1/;
			dstSubfolderSpec = 0;
			files = (
			);
			runOnlyForDeploymentPostprocessing = 1;
		};
/* End PBXCopyFilesBuildPhase section */

/* Begin PBXFileReference section */
		1030223D2A07ECBF004C4A81 /* Lab_2 */ = {isa = PBXFileReference; explicitFileType = "compiled.mach-o.executable"; includeInIndex = 0; path = Lab_2; sourceTree = BUILT_PRODUCTS_DIR; };
		103022402A07ECBF004C4A81 /* main.cpp */ = {isa = PBXFileReference; lastKnownFileType = sourcecode.cpp.cpp; path = main.cpp; sourceTree = "<group>"; };
		1030224B2A07EF08004C4A81 /* min_max_worker.h */ = {isa = PBXFileReference; lastKnownFileType = sourcecode.c.h; path = min_max_worker.h; sourceTree = "<group>"; };
		1030224C2A07EF31004C4A81 /* average_worker.h */ = {isa = PBXFileReference; lastKnownFileType = sourcecode.c.h; path = average_worker.h; sourceTree = "<group>"; };
		1030224D2A07F21C004C4A81 /* min_max_worker.cpp */ = {isa = PBXFileReference; lastKnownFileType = sourcecode.cpp.cpp; path = min_max_worker.cpp; sourceTree = "<group>"; };
		1030224F2A07F4E6004C4A81 /* average_worker.cpp */ = {isa = PBXFileReference; lastKnownFileType = sourcecode.cpp.cpp; path = average_worker.cpp; sourceTree = "<group>"; };
		1096E8A62A0F5FD30093AB06 /* Lab_2.entitlements */ = {isa = PBXFileReference; lastKnownFileType = text.plist.entitlements; path = Lab_2.entitlements; sourceTree = "<group>"; };
/* End PBXFileReference section */

/* Begin PBXFrameworksBuildPhase section */
		1030223A2A07ECBF004C4A81 /* Frameworks */ = {
			isa = PBXFrameworksBuildPhase;
			buildActionMask = 2147483647;
			files = (
			);
			runOnlyForDeploymentPostprocessing = 0;
		};
/* End PBXFrameworksBuildPhase section */

/* Begin PBXGroup section */
		103022342A07ECBF004C4A81 = {
			isa = PBXGroup;
			children = (
				1030223F2A07ECBF004C4A81 /* Lab_2 */,
				1030223E2A07ECBF004C4A81 /* Products */,
			);
			sourceTree = "<group>";
		};
		1030223E2A07ECBF004C4A81 /* Products */ = {
			isa = PBXGroup;
			children = (
				1030223D2A07ECBF004C4A81 /* Lab_2 */,
			);
			name = Products;
			sourceTree = "<group>";
		};
		1030223F2A07ECBF004C4A81 /* Lab_2 */ = {
			isa = PBXGroup;
			children = (
				1096E8A62A0F5FD30093AB06 /* Lab_2.entitlements */,
				1030224A2A07EE45004C4A81 /* test */,
				103022492A07EE36004C4A81 /* src */,
				103022482A07EE19004C4A81 /* include */,
			);
			path = Lab_2;
			sourceTree = "<group>";
		};
		103022482A07EE19004C4A81 /* include */ = {
			isa = PBXGroup;
			children = (
				1030224B2A07EF08004C4A81 /* min_max_worker.h */,
				1030224C2A07EF31004C4A81 /* average_worker.h */,
			);
			path = include;
			sourceTree = "<group>";
		};
		103022492A07EE36004C4A81 /* src */ = {
			isa = PBXGroup;
			children = (
				103022402A07ECBF004C4A81 /* main.cpp */,
				1030224D2A07F21C004C4A81 /* min_max_worker.cpp */,
				1030224F2A07F4E6004C4A81 /* average_worker.cpp */,
			);
			path = src;
			sourceTree = "<group>";
		};
		1030224A2A07EE45004C4A81 /* test */ = {
			isa = PBXGroup;
			children = (
			);
			path = test;
			sourceTree = "<group>";
		};
/* End PBXGroup section */

/* Begin PBXNativeTarget section */
		1030223C2A07ECBF004C4A81 /* Lab_2 */ = {
			isa = PBXNativeTarget;
			buildConfigurationList = 103022442A07ECBF004C4A81 /* Build configuration list for PBXNativeTarget "Lab_2" */;
			buildPhases = (
				103022392A07ECBF004C4A81 /* Sources */,
				1030223A2A07ECBF004C4A81 /* Frameworks */,
				1030223B2A07ECBF004C4A81 /* CopyFiles */,
			);
			buildRules = (
			);
			dependencies = (
			);
			name = Lab_2;
			productName = Lab_2;
			productReference = 1030223D2A07ECBF004C4A81 /* Lab_2 */;
			productType = "com.apple.product-type.tool";
		};
/* End PBXNativeTarget section */

/* Begin PBXProject section */
		103022352A07ECBF004C4A81 /* Project object */ = {
			isa = PBXProject;
			attributes = {
				BuildIndependentTargetsInParallel = 1;
				LastUpgradeCheck = 1310;
				TargetAttributes = {
					1030223C2A07ECBF004C4A81 = {
						CreatedOnToolsVersion = 13.1;
					};
				};
			};
			buildConfigurationList = 103022382A07ECBF004C4A81 /* Build configuration list for PBXProject "Lab_2" */;
			compatibilityVersion = "Xcode 13.0";
			developmentRegion = en;
			hasScannedForEncodings = 0;
			knownRegions = (
				en,
				Base,
			);
			mainGroup = 103022342A07ECBF004C4A81;
			productRefGroup = 1030223E2A07ECBF004C4A81 /* Products */;
			projectDirPath = "";
			projectRoot = "";
			targets = (
				1030223C2A07ECBF004C4A81 /* Lab_2 */,
			);
		};
/* End PBXProject section */

/* Begin PBXSourcesBuildPhase section */
		103022392A07ECBF004C4A81 /* Sources */ = {
			isa = PBXSourcesBuildPhase;
			buildActionMask = 2147483647;
			files = (
				103022412A07ECBF004C4A81 /* main.cpp in Sources */,
				103022502A07F4E6004C4A81 /* average_worker.cpp in Sources */,
				1030224E2A07F21C004C4A81 /* min_max_worker.cpp in Sources */,
			);
			runOnlyForDeploymentPostprocessing = 0;
		};
/* End PBXSourcesBuildPhase section */

/* Begin XCBuildConfiguration section */
		103022422A07ECBF004C4A81 /* Debug */ = {
			isa = XCBuildConfiguration;
			buildSettings = {
				ALWAYS_SEARCH_USER_PATHS = NO;
				CLANG_ANALYZER_NONNULL = YES;
				CLANG_ANALYZER_NUMBER_OBJECT_CONVERSION = YES_AGGRESSIVE;
				CLANG_CXX_LANGUAGE_STANDARD = "gnu++17";
				CLANG_CXX_LIBRARY = "libc++";
				CLANG_ENABLE_MODULES = YES;
				CLANG_ENABLE_OBJC_ARC = YES;
				CLANG_ENABLE_OBJC_WEAK = YES;
				CLANG_WARN_BLOCK_CAPTURE_AUTORELEASING = YES;
				CLANG_WARN_BOOL_CONVERSION = YES;
				CLANG_WARN_COMMA = YES;
				CLANG_WARN_CONSTANT_CONVERSION = YES;
				CLANG_WARN_DEPRECATED_OBJC_IMPLEMENTATIONS = YES;
				CLANG_WARN_DIRECT_OBJC_ISA_USAGE = YES_ERROR;
				CLANG_WARN_DOCUMENTATION_COMMENTS = YES;
				CLANG_WARN_EMPTY_BODY = YES;
				CLANG_WARN_ENUM_CONVERSION = YES;
				CLANG_WARN_INFINITE_RECURSION = YES;
				CLANG_WARN_INT_CONVERSION = YES;
				CLANG_WARN_NON_LITERAL_NULL_CONVERSION = YES;
				CLANG_WARN_OBJC_IMPLICIT_RETAIN_SELF = YES;
				CLANG_WARN_OBJC_LITERAL_CONVERSION = YES;
				CLANG_WARN_OBJC_ROOT_CLASS = YES_ERROR;
				CLANG_WARN_QUOTED_INCLUDE_IN_FRAMEWORK_HEADER = YES;
				CLANG_WARN_RANGE_LOOP_ANALYSIS = YES;
				CLANG_WARN_STRICT_PROTOTYPES = YES;
				CLANG_WARN_SUSPICIOUS_MOVE = YES;
				CLANG_WARN_UNGUARDED_AVAILABILITY = YES_AGGRESSIVE;
				CLANG_WARN_UNREACHABLE_CODE = YES;
				CLANG_WARN__DUPLICATE_METHOD_MATCH = YES;
				COPY_PHASE_STRIP = NO;
				DEBUG_INFORMATION_FORMAT = dwarf;
				ENABLE_STRICT_OBJC_MSGSEND = YES;
				ENABLE_TESTABILITY = YES;
				GCC_C_LANGUAGE_STANDARD = gnu11;
				GCC_DYNAMIC_NO_PIC = NO;
				GCC_NO_COMMON_BLOCKS = YES;
				GCC_OPTIMIZATION_LEVEL = 0;
				GCC_PREPROCESSOR_DEFINITIONS = (
					"DEBUG=1",
					"$(inherited)",
				);
				GCC_WARN_64_TO_32_BIT_CONVERSION = YES;
				GCC_WARN_ABOUT_RETURN_TYPE = YES_ERROR;
				GCC_WARN_UNDECLARED_SELECTOR = YES;
				GCC_WARN_UNINITIALIZED_AUTOS = YES_AGGRESSIVE;
				GCC_WARN_UNUSED_FUNCTION = YES;
				GCC_WARN_UNUSED_VARIABLE = YES;
				MACOSX_DEPLOYMENT_TARGET = 12.0;
				MTL_ENABLE_DEBUG_INFO = INCLUDE_SOURCE;
				MTL_FAST_MATH = YES;
				ONLY_ACTIVE_ARCH = YES;
				SDKROOT = macosx;
			};
			name = Debug;
		};
		103022432A07ECBF004C4A81 /* Release */ = {
			isa = XCBuildConfiguration;
			buildSettings = {
				ALWAYS_SEARCH_USER_PATHS = NO;
				CLANG_ANALYZER_NONNULL = YES;
				CLANG_ANALYZER_NUMBER_OBJECT_CONVERSION = YES_AGGRESSIVE;
				CLANG_CXX_LANGUAGE_STANDARD = "gnu++17";
				CLANG_CXX_LIBRARY = "libc++";
				CLANG_ENABLE_MODULES = YES;
				CLANG_ENABLE_OBJC_ARC = YES;
				CLANG_ENABLE_OBJC_WEAK = YES;
				CLANG_WARN_BLOCK_CAPTURE_AUTORELEASING = YES;
				CLANG_WARN_BOOL_CONVERSION = YES;
				CLANG_WARN_COMMA = YES;
				CLANG_WARN_CONSTANT_CONVERSION = YES;
				CLANG_WARN_DEPRECATED_OBJC_IMPLEMENTATIONS = YES;
				CLANG_WARN_DIRECT_OBJC_ISA_USAGE = YES_ERROR;
				CLANG_WARN_DOCUMENTATION_COMMENTS = YES;
				CLANG_WARN_EMPTY_BODY = YES;
				CLANG_WARN_ENUM_CONVERSION = YES;
				CLANG_WARN_INFINITE_RECURSION = YES;
				CLANG_WARN_INT_CONVERSION = YES;
				CLANG_WARN_NON_LITERAL_NULL_CONVERSION = YES;
				CLANG_WARN_OBJC_IMPLICIT_RETAIN_SELF = YES;
				CLANG_WARN_OBJC_LITERAL_CONVERSION = YES;
				CLANG_WARN_OBJC_ROOT_CLASS = YES_ERROR;
				CLANG_WARN_QUOTED_INCLUDE_IN_FRAMEWORK_HEADER = YES;
				CLANG_WARN_RANGE_LOOP_ANALYSIS = YES;
				CLANG_WARN_STRICT_PROTOTYPES = YES;
				CLANG_WARN_SUSPICIOUS_MOVE = YES;
				CLANG_WARN_UNGUARDED_AVAILABILITY = YES_AGGRESSIVE;
				CLANG_WARN_UNREACHABLE_CODE = YES;
				CLANG_WARN__DUPLICATE_METHOD_MATCH = YES;
				COPY_PHASE_STRIP = NO;
				DEBUG_INFORMATION_FORMAT = "dwarf-with-dsym";
				ENABLE_NS_ASSERTIONS = NO;
				ENABLE_STRICT_OBJC_MSGSEND = YES;
				GCC_C_LANGUAGE_STANDARD = gnu11;
				GCC_NO_COMMON_BLOCKS = YES;
				GCC_WARN_64_TO_32_BIT_CONVERSION = YES;
				GCC_WARN_ABOUT_RETURN_TYPE = YES_ERROR;
				GCC_WARN_UNDECLARED_SELECTOR = YES;
				GCC_WARN_UNINITIALIZED_AUTOS = YES_AGGRESSIVE;
				GCC_WARN_UNUSED_FUNCTION = YES;
				GCC_WARN_UNUSED_VARIABLE = YES;
				MACOSX_DEPLOYMENT_TARGET = 12.0;
				MTL_ENABLE_DEBUG_INFO = NO;
				MTL_FAST_MATH = YES;
				SDKROOT = macosx;
			};
			name = Release;
		};
		103022452A07ECBF004C4A81 /* Debug */ = {
			isa = XCBuildConfiguration;
			buildSettings = {
				CODE_SIGN_ENTITLEMENTS = Lab_2/Lab_2.entitlements;
				CODE_SIGN_IDENTITY = "-";
				CODE_SIGN_STYLE = Automatic;
				DEVELOPMENT_TEAM = "";
				ENABLE_HARDENED_RUNTIME = YES;
				HEADER_SEARCH_PATHS = /usr/local/include/;
				LIBRARY_SEARCH_PATHS = /usr/local/lib/;
				OTHER_LDFLAGS = (
					"-lboost_thread-mt",
					"-lpthread",
				);
				PRODUCT_NAME = "$(TARGET_NAME)";
			};
			name = Debug;
		};
		103022462A07ECBF004C4A81 /* Release */ = {
			isa = XCBuildConfiguration;
			buildSettings = {
				CODE_SIGN_ENTITLEMENTS = Lab_2/Lab_2.entitlements;
				CODE_SIGN_IDENTITY = "-";
				CODE_SIGN_STYLE = Automatic;
				DEVELOPMENT_TEAM = "";
				ENABLE_HARDENED_RUNTIME = YES;
				HEADER_SEARCH_PATHS = /usr/local/include/;
				LIBRARY_SEARCH_PATHS = /usr/local/lib/;
				OTHER_LDFLAGS = (
					"-lboost_thread-mt",
					"-lpthread",
				);
				PRODUCT_NAME = "$(TARGET_NAME)";
			};
			name = Release;
		};
/* End XCBuildConfiguration section */

/* Begin XCConfigurationList section */
		103022382A07ECBF004C4A81 /* Build configuration list for PBXProject "Lab_2" */ = {
			isa = XCConfigurationList;
			buildConfigurations = (
				103022422A07ECBF004C4A81 /* Debug */,
				103022432A07ECBF004C4A81 /* Release */,
			);
			defaultConfigurationIsVisible = 0;
			defaultConfigurationName = Release;
		};
		103022442A07ECBF004C4A81 /* Build configuration list for PBXNativeTarget "Lab_2" */ = {
			isa = XCConfigurationList;
			buildConfigurations = (
				103022452A07ECBF004C4A81 /* Debug */,
				103022462A07ECBF004C4A81 /* Release */,
			);
			defaultConfigurationIsVisible = 0;
			defaultConfigurationName = Release;
		};
/* End XCConfigurationList section */
	};
	rootObject = 103022352A07ECBF004C4A81 /* Project object */;
}
